
Microsoft Visual Studio Solution File, Format Version 12.00
# Visual Studio Version 17
VisualStudioVersion = 17.5.33424.131
MinimumVisualStudioVersion = 10.0.40219.1
Project("{FAE04EC0-301F-11D3-BF4B-00C04F79EFBC}") = "mediatR.vs.mediator", "mediatR.vs.mediator.csproj", "{BFC22E31-AD77-43CD-A15A-58FA987A7FE8}"
EndProject
Global
	GlobalSection(SolutionConfigurationPlatforms) = preSolution
		Debug|Any CPU = Debug|Any CPU
		Release|Any CPU = Release|Any CPU
	EndGlobalSection
	GlobalSection(ProjectConfigurationPlatforms) = postSolution
		{BFC22E31-AD77-43CD-A15A-58FA987A7FE8}.Debug|Any CPU.ActiveCfg = Debug|Any CPU
		{BFC22E31-AD77-43CD-A15A-58FA987A7FE8}.Debug|Any CPU.Build.0 = Debug|Any CPU
		{BFC22E31-AD77-43CD-A15A-58FA987A7FE8}.Release|Any CPU.ActiveCfg = Release|Any CPU
		{BFC22E31-AD77-43CD-A15A-58FA987A7FE8}.Release|Any CPU.Build.0 = Release|Any CPU
	EndGlobalSection
	GlobalSection(SolutionProperties) = preSolution
		HideSolutionNode = FALSE
	EndGlobalSection
	GlobalSection(ExtensibilityGlobals) = postSolution
		SolutionGuid = {F582FC9C-C06B-4FDD-8977-BDB490A1282A}
	EndGlobalSection
EndGlobal
