
Microsoft Visual Studio Solution File, Format Version 12.00
# Visual Studio Version 17
VisualStudioVersion = 17.5.33424.131
MinimumVisualStudioVersion = 10.0.40219.1
Project("{FAE04EC0-301F-11D3-BF4B-00C04F79EFBC}") = "WebApplicationMediatR", "WebApplicationMediatR\WebApplicationMediatR.csproj", "{046E63A5-09B0-4BCD-BE78-131B1A69D02E}"
EndProject
Project("{FAE04EC0-301F-11D3-BF4B-00C04F79EFBC}") = "WebApplicationMediator", "..\WebApplicationMediator\WebApplicationMediator.csproj", "{4F553562-0B7E-4644-B05B-51BCA45E127A}"
EndProject
Global
	GlobalSection(SolutionConfigurationPlatforms) = preSolution
		Debug|Any CPU = Debug|Any CPU
		Release|Any CPU = Release|Any CPU
	EndGlobalSection
	GlobalSection(ProjectConfigurationPlatforms) = postSolution
		{046E63A5-09B0-4BCD-BE78-131B1A69D02E}.Debug|Any CPU.ActiveCfg = Debug|Any CPU
		{046E63A5-09B0-4BCD-BE78-131B1A69D02E}.Debug|Any CPU.Build.0 = Debug|Any CPU
		{046E63A5-09B0-4BCD-BE78-131B1A69D02E}.Release|Any CPU.ActiveCfg = Release|Any CPU
		{046E63A5-09B0-4BCD-BE78-131B1A69D02E}.Release|Any CPU.Build.0 = Release|Any CPU
		{4F553562-0B7E-4644-B05B-51BCA45E127A}.Debug|Any CPU.ActiveCfg = Debug|Any CPU
		{4F553562-0B7E-4644-B05B-51BCA45E127A}.Debug|Any CPU.Build.0 = Debug|Any CPU
		{4F553562-0B7E-4644-B05B-51BCA45E127A}.Release|Any CPU.ActiveCfg = Release|Any CPU
		{4F553562-0B7E-4644-B05B-51BCA45E127A}.Release|Any CPU.Build.0 = Release|Any CPU
	EndGlobalSection
	GlobalSection(SolutionProperties) = preSolution
		HideSolutionNode = FALSE
	EndGlobalSection
	GlobalSection(ExtensibilityGlobals) = postSolution
		SolutionGuid = {D8D54EAA-09DD-454B-829B-49EC86E9F6AA}
	EndGlobalSection
EndGlobal
